// !$*UTF8*$!
{
	archiveVersion = 1;
	classes = {
	};
	objectVersion = 50;
	objects = {

/* Begin PBXBuildFile section */
		FF8A293821133D5F00DB87DA /* AppDelegate.swift in Sources */ = {isa = PBXBuildFile; fileRef = FF8A293721133D5F00DB87DA /* AppDelegate.swift */; };
		FF8A293A21133D5F00DB87DA /* ViewController.swift in Sources */ = {isa = PBXBuildFile; fileRef = FF8A293921133D5F00DB87DA /* ViewController.swift */; };
		FF8A293D21133D5F00DB87DA /* Main.storyboard in Resources */ = {isa = PBXBuildFile; fileRef = FF8A293B21133D5F00DB87DA /* Main.storyboard */; };
		FF8A293F21133D6100DB87DA /* Assets.xcassets in Resources */ = {isa = PBXBuildFile; fileRef = FF8A293E21133D6100DB87DA /* Assets.xcassets */; };
		FF8A294221133D6100DB87DA /* LaunchScreen.storyboard in Resources */ = {isa = PBXBuildFile; fileRef = FF8A294021133D6100DB87DA /* LaunchScreen.storyboard */; };
		FF8A294D21133D6100DB87DA /* LightTests.swift in Sources */ = {isa = PBXBuildFile; fileRef = FF8A294C21133D6100DB87DA /* LightTests.swift */; };
		FF8A295821133D6100DB87DA /* LightUITests.swift in Sources */ = {isa = PBXBuildFile; fileRef = FF8A295721133D6100DB87DA /* LightUITests.swift */; };
/* End PBXBuildFile section */

/* Begin PBXContainerItemProxy section */
		FF8A294921133D6100DB87DA /* PBXContainerItemProxy */ = {
			isa = PBXContainerItemProxy;
			containerPortal = FF8A292C21133D5F00DB87DA /* Project object */;
			proxyType = 1;
			remoteGlobalIDString = FF8A293321133D5F00DB87DA;
			remoteInfo = Light;
		};
		FF8A295421133D6100DB87DA /* PBXContainerItemProxy */ = {
			isa = PBXContainerItemProxy;
			containerPortal = FF8A292C21133D5F00DB87DA /* Project object */;
			proxyType = 1;
			remoteGlobalIDString = FF8A293321133D5F00DB87DA;
			remoteInfo = Light;
		};
/* End PBXContainerItemProxy section */

/* Begin PBXFileReference section */
		FF8A293421133D5F00DB87DA /* Light.app */ = {isa = PBXFileReference; explicitFileType = wrapper.application; includeInIndex = 0; path = Light.app; sourceTree = BUILT_PRODUCTS_DIR; };
		FF8A293721133D5F00DB87DA /* AppDelegate.swift */ = {isa = PBXFileReference; lastKnownFileType = sourcecode.swift; path = AppDelegate.swift; sourceTree = "<group>"; };
		FF8A293921133D5F00DB87DA /* ViewController.swift */ = {isa = PBXFileReference; lastKnownFileType = sourcecode.swift; path = ViewController.swift; sourceTree = "<group>"; };
		FF8A293C21133D5F00DB87DA /* Base */ = {isa = PBXFileReference; lastKnownFileType = file.storyboard; name = Base; path = Base.lproj/Main.storyboard; sourceTree = "<group>"; };
		FF8A293E21133D6100DB87DA /* Assets.xcassets */ = {isa = PBXFileReference; lastKnownFileType = folder.assetcatalog; path = Assets.xcassets; sourceTree = "<group>"; };
		FF8A294121133D6100DB87DA /* Base */ = {isa = PBXFileReference; lastKnownFileType = file.storyboard; name = Base; path = Base.lproj/LaunchScreen.storyboard; sourceTree = "<group>"; };
		FF8A294321133D6100DB87DA /* Info.plist */ = {isa = PBXFileReference; lastKnownFileType = text.plist.xml; path = Info.plist; sourceTree = "<group>"; };
		FF8A294821133D6100DB87DA /* LightTests.xctest */ = {isa = PBXFileReference; explicitFileType = wrapper.cfbundle; includeInIndex = 0; path = LightTests.xctest; sourceTree = BUILT_PRODUCTS_DIR; };
		FF8A294C21133D6100DB87DA /* LightTests.swift */ = {isa = PBXFileReference; lastKnownFileType = sourcecode.swift; path = LightTests.swift; sourceTree = "<group>"; };
		FF8A294E21133D6100DB87DA /* Info.plist */ = {isa = PBXFileReference; lastKnownFileType = text.plist.xml; path = Info.plist; sourceTree = "<group>"; };
		FF8A295321133D6100DB87DA /* LightUITests.xctest */ = {isa = PBXFileReference; explicitFileType = wrapper.cfbundle; includeInIndex = 0; path = LightUITests.xctest; sourceTree = BUILT_PRODUCTS_DIR; };
		FF8A295721133D6100DB87DA /* LightUITests.swift */ = {isa = PBXFileReference; lastKnownFileType = sourcecode.swift; path = LightUITests.swift; sourceTree = "<group>"; };
		FF8A295921133D6100DB87DA /* Info.plist */ = {isa = PBXFileReference; lastKnownFileType = text.plist.xml; path = Info.plist; sourceTree = "<group>"; };
/* End PBXFileReference section */

/* Begin PBXFrameworksBuildPhase section */
		FF8A293121133D5F00DB87DA /* Frameworks */ = {
			isa = PBXFrameworksBuildPhase;
			buildActionMask = 2147483647;
			files = (
			);
			runOnlyForDeploymentPostprocessing = 0;
		};
		FF8A294521133D6100DB87DA /* Frameworks */ = {
			isa = PBXFrameworksBuildPhase;
			buildActionMask = 2147483647;
			files = (
			);
			runOnlyForDeploymentPostprocessing = 0;
		};
		FF8A295021133D6100DB87DA /* Frameworks */ = {
			isa = PBXFrameworksBuildPhase;
			buildActionMask = 2147483647;
			files = (
			);
			runOnlyForDeploymentPostprocessing = 0;
		};
/* End PBXFrameworksBuildPhase section */

/* Begin PBXGroup section */
		FF8A292B21133D5F00DB87DA = {
			isa = PBXGroup;
			children = (
				FF8A293621133D5F00DB87DA /* Light */,
				FF8A294B21133D6100DB87DA /* LightTests */,
				FF8A295621133D6100DB87DA /* LightUITests */,
				FF8A293521133D5F00DB87DA /* Products */,
			);
			sourceTree = "<group>";
		};
		FF8A293521133D5F00DB87DA /* Products */ = {
			isa = PBXGroup;
			children = (
				FF8A293421133D5F00DB87DA /* Light.app */,
				FF8A294821133D6100DB87DA /* LightTests.xctest */,
				FF8A295321133D6100DB87DA /* LightUITests.xctest */,
			);
			name = Products;
			sourceTree = "<group>";
		};
		FF8A293621133D5F00DB87DA /* Light */ = {
			isa = PBXGroup;
			children = (
				FF8A293721133D5F00DB87DA /* AppDelegate.swift */,
				FF8A293921133D5F00DB87DA /* ViewController.swift */,
				FF8A293B21133D5F00DB87DA /* Main.storyboard */,
				FF8A293E21133D6100DB87DA /* Assets.xcassets */,
				FF8A294021133D6100DB87DA /* LaunchScreen.storyboard */,
				FF8A294321133D6100DB87DA /* Info.plist */,
			);
			path = Light;
			sourceTree = "<group>";
		};
		FF8A294B21133D6100DB87DA /* LightTests */ = {
			isa = PBXGroup;
			children = (
				FF8A294C21133D6100DB87DA /* LightTests.swift */,
				FF8A294E21133D6100DB87DA /* Info.plist */,
			);
			path = LightTests;
			sourceTree = "<group>";
		};
		FF8A295621133D6100DB87DA /* LightUITests */ = {
			isa = PBXGroup;
			children = (
				FF8A295721133D6100DB87DA /* LightUITests.swift */,
				FF8A295921133D6100DB87DA /* Info.plist */,
			);
			path = LightUITests;
			sourceTree = "<group>";
		};
/* End PBXGroup section */

/* Begin PBXNativeTarget section */
		FF8A293321133D5F00DB87DA /* Light */ = {
			isa = PBXNativeTarget;
			buildConfigurationList = FF8A295C21133D6100DB87DA /* Build configuration list for PBXNativeTarget "Light" */;
			buildPhases = (
				FF8A293021133D5F00DB87DA /* Sources */,
				FF8A293121133D5F00DB87DA /* Frameworks */,
				FF8A293221133D5F00DB87DA /* Resources */,
			);
			buildRules = (
			);
			dependencies = (
			);
			name = Light;
			productName = Light;
			productReference = FF8A293421133D5F00DB87DA /* Light.app */;
			productType = "com.apple.product-type.application";
		};
		FF8A294721133D6100DB87DA /* LightTests */ = {
			isa = PBXNativeTarget;
			buildConfigurationList = FF8A295F21133D6100DB87DA /* Build configuration list for PBXNativeTarget "LightTests" */;
			buildPhases = (
				FF8A294421133D6100DB87DA /* Sources */,
				FF8A294521133D6100DB87DA /* Frameworks */,
				FF8A294621133D6100DB87DA /* Resources */,
			);
			buildRules = (
			);
			dependencies = (
				FF8A294A21133D6100DB87DA /* PBXTargetDependency */,
			);
			name = LightTests;
			productName = LightTests;
			productReference = FF8A294821133D6100DB87DA /* LightTests.xctest */;
			productType = "com.apple.product-type.bundle.unit-test";
		};
		FF8A295221133D6100DB87DA /* LightUITests */ = {
			isa = PBXNativeTarget;
			buildConfigurationList = FF8A296221133D6100DB87DA /* Build configuration list for PBXNativeTarget "LightUITests" */;
			buildPhases = (
				FF8A294F21133D6100DB87DA /* Sources */,
				FF8A295021133D6100DB87DA /* Frameworks */,
				FF8A295121133D6100DB87DA /* Resources */,
			);
			buildRules = (
			);
			dependencies = (
				FF8A295521133D6100DB87DA /* PBXTargetDependency */,
			);
			name = LightUITests;
			productName = LightUITests;
			productReference = FF8A295321133D6100DB87DA /* LightUITests.xctest */;
			productType = "com.apple.product-type.bundle.ui-testing";
		};
/* End PBXNativeTarget section */

/* Begin PBXProject section */
		FF8A292C21133D5F00DB87DA /* Project object */ = {
			isa = PBXProject;
			attributes = {
				LastSwiftUpdateCheck = 0940;
				LastUpgradeCheck = 0940;
				ORGANIZATIONNAME = "Ed Smilovici";
				TargetAttributes = {
					FF8A293321133D5F00DB87DA = {
						CreatedOnToolsVersion = 9.4.1;
					};
					FF8A294721133D6100DB87DA = {
						CreatedOnToolsVersion = 9.4.1;
						TestTargetID = FF8A293321133D5F00DB87DA;
					};
					FF8A295221133D6100DB87DA = {
						CreatedOnToolsVersion = 9.4.1;
						TestTargetID = FF8A293321133D5F00DB87DA;
					};
				};
			};
			buildConfigurationList = FF8A292F21133D5F00DB87DA /* Build configuration list for PBXProject "Light" */;
			compatibilityVersion = "Xcode 9.3";
			developmentRegion = en;
			hasScannedForEncodings = 0;
			knownRegions = (
				en,
				Base,
			);
			mainGroup = FF8A292B21133D5F00DB87DA;
			productRefGroup = FF8A293521133D5F00DB87DA /* Products */;
			projectDirPath = "";
			projectRoot = "";
			targets = (
				FF8A293321133D5F00DB87DA /* Light */,
				FF8A294721133D6100DB87DA /* LightTests */,
				FF8A295221133D6100DB87DA /* LightUITests */,
			);
		};
/* End PBXProject section */

/* Begin PBXResourcesBuildPhase section */
		FF8A293221133D5F00DB87DA /* Resources */ = {
			isa = PBXResourcesBuildPhase;
			buildActionMask = 2147483647;
			files = (
				FF8A294221133D6100DB87DA /* LaunchScreen.storyboard in Resources */,
				FF8A293F21133D6100DB87DA /* Assets.xcassets in Resources */,
				FF8A293D21133D5F00DB87DA /* Main.storyboard in Resources */,
			);
			runOnlyForDeploymentPostprocessing = 0;
		};
		FF8A294621133D6100DB87DA /* Resources */ = {
			isa = PBXResourcesBuildPhase;
			buildActionMask = 2147483647;
			files = (
			);
			runOnlyForDeploymentPostprocessing = 0;
		};
		FF8A295121133D6100DB87DA /* Resources */ = {
			isa = PBXResourcesBuildPhase;
			buildActionMask = 2147483647;
			files = (
			);
			runOnlyForDeploymentPostprocessing = 0;
		};
/* End PBXResourcesBuildPhase section */

/* Begin PBXSourcesBuildPhase section */
		FF8A293021133D5F00DB87DA /* Sources */ = {
			isa = PBXSourcesBuildPhase;
			buildActionMask = 2147483647;
			files = (
				FF8A293A21133D5F00DB87DA /* ViewController.swift in Sources */,
				FF8A293821133D5F00DB87DA /* AppDelegate.swift in Sources */,
			);
			runOnlyForDeploymentPostprocessing = 0;
		};
		FF8A294421133D6100DB87DA /* Sources */ = {
			isa = PBXSourcesBuildPhase;
			buildActionMask = 2147483647;
			files = (
				FF8A294D21133D6100DB87DA /* LightTests.swift in Sources */,
			);
			runOnlyForDeploymentPostprocessing = 0;
		};
		FF8A294F21133D6100DB87DA /* Sources */ = {
			isa = PBXSourcesBuildPhase;
			buildActionMask = 2147483647;
			files = (
				FF8A295821133D6100DB87DA /* LightUITests.swift in Sources */,
			);
			runOnlyForDeploymentPostprocessing = 0;
		};
/* End PBXSourcesBuildPhase section */

/* Begin PBXTargetDependency section */
		FF8A294A21133D6100DB87DA /* PBXTargetDependency */ = {
			isa = PBXTargetDependency;
			target = FF8A293321133D5F00DB87DA /* Light */;
			targetProxy = FF8A294921133D6100DB87DA /* PBXContainerItemProxy */;
		};
		FF8A295521133D6100DB87DA /* PBXTargetDependency */ = {
			isa = PBXTargetDependency;
			target = FF8A293321133D5F00DB87DA /* Light */;
			targetProxy = FF8A295421133D6100DB87DA /* PBXContainerItemProxy */;
		};
/* End PBXTargetDependency section */

/* Begin PBXVariantGroup section */
		FF8A293B21133D5F00DB87DA /* Main.storyboard */ = {
			isa = PBXVariantGroup;
			children = (
				FF8A293C21133D5F00DB87DA /* Base */,
			);
			name = Main.storyboard;
			sourceTree = "<group>";
		};
		FF8A294021133D6100DB87DA /* LaunchScreen.storyboard */ = {
			isa = PBXVariantGroup;
			children = (
				FF8A294121133D6100DB87DA /* Base */,
			);
			name = LaunchScreen.storyboard;
			sourceTree = "<group>";
		};
/* End PBXVariantGroup section */

/* Begin XCBuildConfiguration section */
		FF8A295A21133D6100DB87DA /* Debug */ = {
			isa = XCBuildConfiguration;
			buildSettings = {
				ALWAYS_SEARCH_USER_PATHS = NO;
				CLANG_ANALYZER_NONNULL = YES;
				CLANG_ANALYZER_NUMBER_OBJECT_CONVERSION = YES_AGGRESSIVE;
				CLANG_CXX_LANGUAGE_STANDARD = "gnu++14";
				CLANG_CXX_LIBRARY = "libc++";
				CLANG_ENABLE_MODULES = YES;
				CLANG_ENABLE_OBJC_ARC = YES;
				CLANG_ENABLE_OBJC_WEAK = YES;
				CLANG_WARN_BLOCK_CAPTURE_AUTORELEASING = YES;
				CLANG_WARN_BOOL_CONVERSION = YES;
				CLANG_WARN_COMMA = YES;
				CLANG_WARN_CONSTANT_CONVERSION = YES;
				CLANG_WARN_DEPRECATED_OBJC_IMPLEMENTATIONS = YES;
				CLANG_WARN_DIRECT_OBJC_ISA_USAGE = YES_ERROR;
				CLANG_WARN_DOCUMENTATION_COMMENTS = YES;
				CLANG_WARN_EMPTY_BODY = YES;
				CLANG_WARN_ENUM_CONVERSION = YES;
				CLANG_WARN_INFINITE_RECURSION = YES;
				CLANG_WARN_INT_CONVERSION = YES;
				CLANG_WARN_NON_LITERAL_NULL_CONVERSION = YES;
				CLANG_WARN_OBJC_IMPLICIT_RETAIN_SELF = YES;
				CLANG_WARN_OBJC_LITERAL_CONVERSION = YES;
				CLANG_WARN_OBJC_ROOT_CLASS = YES_ERROR;
				CLANG_WARN_RANGE_LOOP_ANALYSIS = YES;
				CLANG_WARN_STRICT_PROTOTYPES = YES;
				CLANG_WARN_SUSPICIOUS_MOVE = YES;
				CLANG_WARN_UNGUARDED_AVAILABILITY = YES_AGGRESSIVE;
				CLANG_WARN_UNREACHABLE_CODE = YES;
				CLANG_WARN__DUPLICATE_METHOD_MATCH = YES;
				CODE_SIGN_IDENTITY = "iPhone Developer";
				COPY_PHASE_STRIP = NO;
				DEBUG_INFORMATION_FORMAT = dwarf;
				ENABLE_STRICT_OBJC_MSGSEND = YES;
				ENABLE_TESTABILITY = YES;
				GCC_C_LANGUAGE_STANDARD = gnu11;
				GCC_DYNAMIC_NO_PIC = NO;
				GCC_NO_COMMON_BLOCKS = YES;
				GCC_OPTIMIZATION_LEVEL = 0;
				GCC_PREPROCESSOR_DEFINITIONS = (
					"DEBUG=1",
					"$(inherited)",
				);
				GCC_WARN_64_TO_32_BIT_CONVERSION = YES;
				GCC_WARN_ABOUT_RETURN_TYPE = YES_ERROR;
				GCC_WARN_UNDECLARED_SELECTOR = YES;
				GCC_WARN_UNINITIALIZED_AUTOS = YES_AGGRESSIVE;
				GCC_WARN_UNUSED_FUNCTION = YES;
				GCC_WARN_UNUSED_VARIABLE = YES;
				IPHONEOS_DEPLOYMENT_TARGET = 11.4;
				MTL_ENABLE_DEBUG_INFO = YES;
				ONLY_ACTIVE_ARCH = YES;
				SDKROOT = iphoneos;
				SWIFT_ACTIVE_COMPILATION_CONDITIONS = DEBUG;
				SWIFT_OPTIMIZATION_LEVEL = "-Onone";
			};
			name = Debug;
		};
		FF8A295B21133D6100DB87DA /* Release */ = {
			isa = XCBuildConfiguration;
			buildSettings = {
				ALWAYS_SEARCH_USER_PATHS = NO;
				CLANG_ANALYZER_NONNULL = YES;
				CLANG_ANALYZER_NUMBER_OBJECT_CONVERSION = YES_AGGRESSIVE;
				CLANG_CXX_LANGUAGE_STANDARD = "gnu++14";
				CLANG_CXX_LIBRARY = "libc++";
				CLANG_ENABLE_MODULES = YES;
				CLANG_ENABLE_OBJC_ARC = YES;
				CLANG_ENABLE_OBJC_WEAK = YES;
				CLANG_WARN_BLOCK_CAPTURE_AUTORELEASING = YES;
				CLANG_WARN_BOOL_CONVERSION = YES;
				CLANG_WARN_COMMA = YES;
				CLANG_WARN_CONSTANT_CONVERSION = YES;
				CLANG_WARN_DEPRECATED_OBJC_IMPLEMENTATIONS = YES;
				CLANG_WARN_DIRECT_OBJC_ISA_USAGE = YES_ERROR;
				CLANG_WARN_DOCUMENTATION_COMMENTS = YES;
				CLANG_WARN_EMPTY_BODY = YES;
				CLANG_WARN_ENUM_CONVERSION = YES;
				CLANG_WARN_INFINITE_RECURSION = YES;
				CLANG_WARN_INT_CONVERSION = YES;
				CLANG_WARN_NON_LITERAL_NULL_CONVERSION = YES;
				CLANG_WARN_OBJC_IMPLICIT_RETAIN_SELF = YES;
				CLANG_WARN_OBJC_LITERAL_CONVERSION = YES;
				CLANG_WARN_OBJC_ROOT_CLASS = YES_ERROR;
				CLANG_WARN_RANGE_LOOP_ANALYSIS = YES;
				CLANG_WARN_STRICT_PROTOTYPES = YES;
				CLANG_WARN_SUSPICIOUS_MOVE = YES;
				CLANG_WARN_UNGUARDED_AVAILABILITY = YES_AGGRESSIVE;
				CLANG_WARN_UNREACHABLE_CODE = YES;
				CLANG_WARN__DUPLICATE_METHOD_MATCH = YES;
				CODE_SIGN_IDENTITY = "iPhone Developer";
				COPY_PHASE_STRIP = NO;
				DEBUG_INFORMATION_FORMAT = "dwarf-with-dsym";
				ENABLE_NS_ASSERTIONS = NO;
				ENABLE_STRICT_OBJC_MSGSEND = YES;
				GCC_C_LANGUAGE_STANDARD = gnu11;
				GCC_NO_COMMON_BLOCKS = YES;
				GCC_WARN_64_TO_32_BIT_CONVERSION = YES;
				GCC_WARN_ABOUT_RETURN_TYPE = YES_ERROR;
				GCC_WARN_UNDECLARED_SELECTOR = YES;
				GCC_WARN_UNINITIALIZED_AUTOS = YES_AGGRESSIVE;
				GCC_WARN_UNUSED_FUNCTION = YES;
				GCC_WARN_UNUSED_VARIABLE = YES;
				IPHONEOS_DEPLOYMENT_TARGET = 11.4;
				MTL_ENABLE_DEBUG_INFO = NO;
				SDKROOT = iphoneos;
				SWIFT_COMPILATION_MODE = wholemodule;
				SWIFT_OPTIMIZATION_LEVEL = "-O";
				VALIDATE_PRODUCT = YES;
			};
			name = Release;
		};
		FF8A295D21133D6100DB87DA /* Debug */ = {
			isa = XCBuildConfiguration;
			buildSettings = {
				ASSETCATALOG_COMPILER_APPICON_NAME = AppIcon;
				CODE_SIGN_STYLE = Automatic;
				DEVELOPMENT_TEAM = 3UZ382D287;
				INFOPLIST_FILE = Light/Info.plist;
				LD_RUNPATH_SEARCH_PATHS = (
					"$(inherited)",
					"@executable_path/Frameworks",
				);
				PRODUCT_BUNDLE_IDENTIFIER = com.edsmilovici.Light;
				PRODUCT_NAME = "$(TARGET_NAME)";
				SWIFT_VERSION = 4.0;
				TARGETED_DEVICE_FAMILY = "1,2";
			};
			name = Debug;
		};
		FF8A295E21133D6100DB87DA /* Release */ = {
			isa = XCBuildConfiguration;
			buildSettings = {
				ASSETCATALOG_COMPILER_APPICON_NAME = AppIcon;
				CODE_SIGN_STYLE = Automatic;
				DEVELOPMENT_TEAM = 3UZ382D287;
				INFOPLIST_FILE = Light/Info.plist;
				LD_RUNPATH_SEARCH_PATHS = (
					"$(inherited)",
					"@executable_path/Frameworks",
				);
				PRODUCT_BUNDLE_IDENTIFIER = com.edsmilovici.Light;
				PRODUCT_NAME = "$(TARGET_NAME)";
				SWIFT_VERSION = 4.0;
				TARGETED_DEVICE_FAMILY = "1,2";
			};
			name = Release;
		};
		FF8A296021133D6100DB87DA /* Debug */ = {
			isa = XCBuildConfiguration;
			buildSettings = {
				ALWAYS_EMBED_SWIFT_STANDARD_LIBRARIES = YES;
				BUNDLE_LOADER = "$(TEST_HOST)";
				CODE_SIGN_STYLE = Automatic;
				INFOPLIST_FILE = LightTests/Info.plist;
				LD_RUNPATH_SEARCH_PATHS = (
					"$(inherited)",
					"@executable_path/Frameworks",
					"@loader_path/Frameworks",
				);
				PRODUCT_BUNDLE_IDENTIFIER = com.edsmilovici.LightTests;
				PRODUCT_NAME = "$(TARGET_NAME)";
				SWIFT_VERSION = 4.0;
				TARGETED_DEVICE_FAMILY = "1,2";
				TEST_HOST = "$(BUILT_PRODUCTS_DIR)/Light.app/Light";
			};
			name = Debug;
		};
		FF8A296121133D6100DB87DA /* Release */ = {
			isa = XCBuildConfiguration;
			buildSettings = {
				ALWAYS_EMBED_SWIFT_STANDARD_LIBRARIES = YES;
				BUNDLE_LOADER = "$(TEST_HOST)";
				CODE_SIGN_STYLE = Automatic;
				INFOPLIST_FILE = LightTests/Info.plist;
				LD_RUNPATH_SEARCH_PATHS = (
					"$(inherited)",
					"@executable_path/Frameworks",
					"@loader_path/Frameworks",
				);
				PRODUCT_BUNDLE_IDENTIFIER = com.edsmilovici.LightTests;
				PRODUCT_NAME = "$(TARGET_NAME)";
				SWIFT_VERSION = 4.0;
				TARGETED_DEVICE_FAMILY = "1,2";
				TEST_HOST = "$(BUILT_PRODUCTS_DIR)/Light.app/Light";
			};
			name = Release;
		};
		FF8A296321133D6100DB87DA /* Debug */ = {
			isa = XCBuildConfiguration;
			buildSettings = {
				ALWAYS_EMBED_SWIFT_STANDARD_LIBRARIES = YES;
				CODE_SIGN_STYLE = Automatic;
				INFOPLIST_FILE = LightUITests/Info.plist;
				LD_RUNPATH_SEARCH_PATHS = (
					"$(inherited)",
					"@executable_path/Frameworks",
					"@loader_path/Frameworks",
				);
				PRODUCT_BUNDLE_IDENTIFIER = com.edsmilovici.LightUITests;
				PRODUCT_NAME = "$(TARGET_NAME)";
				SWIFT_VERSION = 4.0;
				TARGETED_DEVICE_FAMILY = "1,2";
				TEST_TARGET_NAME = Light;
			};
			name = Debug;
		};
		FF8A296421133D6100DB87DA /* Release */ = {
			isa = XCBuildConfiguration;
			buildSettings = {
				ALWAYS_EMBED_SWIFT_STANDARD_LIBRARIES = YES;
				CODE_SIGN_STYLE = Automatic;
				INFOPLIST_FILE = LightUITests/Info.plist;
				LD_RUNPATH_SEARCH_PATHS = (
					"$(inherited)",
					"@executable_path/Frameworks",
					"@loader_path/Frameworks",
				);
				PRODUCT_BUNDLE_IDENTIFIER = com.edsmilovici.LightUITests;
				PRODUCT_NAME = "$(TARGET_NAME)";
				SWIFT_VERSION = 4.0;
				TARGETED_DEVICE_FAMILY = "1,2";
				TEST_TARGET_NAME = Light;
			};
			name = Release;
		};
/* End XCBuildConfiguration section */

/* Begin XCConfigurationList section */
		FF8A292F21133D5F00DB87DA /* Build configuration list for PBXProject "Light" */ = {
			isa = XCConfigurationList;
			buildConfigurations = (
				FF8A295A21133D6100DB87DA /* Debug */,
				FF8A295B21133D6100DB87DA /* Release */,
			);
			defaultConfigurationIsVisible = 0;
			defaultConfigurationName = Release;
		};
		FF8A295C21133D6100DB87DA /* Build configuration list for PBXNativeTarget "Light" */ = {
			isa = XCConfigurationList;
			buildConfigurations = (
				FF8A295D21133D6100DB87DA /* Debug */,
				FF8A295E21133D6100DB87DA /* Release */,
			);
			defaultConfigurationIsVisible = 0;
			defaultConfigurationName = Release;
		};
		FF8A295F21133D6100DB87DA /* Build configuration list for PBXNativeTarget "LightTests" */ = {
			isa = XCConfigurationList;
			buildConfigurations = (
				FF8A296021133D6100DB87DA /* Debug */,
				FF8A296121133D6100DB87DA /* Release */,
			);
			defaultConfigurationIsVisible = 0;
			defaultConfigurationName = Release;
		};
		FF8A296221133D6100DB87DA /* Build configuration list for PBXNativeTarget "LightUITests" */ = {
			isa = XCConfigurationList;
			buildConfigurations = (
				FF8A296321133D6100DB87DA /* Debug */,
				FF8A296421133D6100DB87DA /* Release */,
			);
			defaultConfigurationIsVisible = 0;
			defaultConfigurationName = Release;
		};
/* End XCConfigurationList section */
	};
	rootObject = FF8A292C21133D5F00DB87DA /* Project object */;
}
