// !$*UTF8*$!
{
	archiveVersion = 1;
	classes = {
	};
	objectVersion = 50;
	objects = {

/* Begin PBXBuildFile section */
		FF2F661B213583C900D02EA8 /* AppDelegate.swift in Sources */ = {isa = PBXBuildFile; fileRef = FF2F661A213583C900D02EA8 /* AppDelegate.swift */; };
		FF2F661D213583C900D02EA8 /* IntroViewController.swift in Sources */ = {isa = PBXBuildFile; fileRef = FF2F661C213583C900D02EA8 /* IntroViewController.swift */; };
		FF2F6620213583C900D02EA8 /* Main.storyboard in Resources */ = {isa = PBXBuildFile; fileRef = FF2F661E213583C900D02EA8 /* Main.storyboard */; };
		FF2F6622213583CB00D02EA8 /* Assets.xcassets in Resources */ = {isa = PBXBuildFile; fileRef = FF2F6621213583CB00D02EA8 /* Assets.xcassets */; };
		FF2F6625213583CB00D02EA8 /* LaunchScreen.storyboard in Resources */ = {isa = PBXBuildFile; fileRef = FF2F6623213583CB00D02EA8 /* LaunchScreen.storyboard */; };
		FF2F6630213583CB00D02EA8 /* PersonalityQuizTests.swift in Sources */ = {isa = PBXBuildFile; fileRef = FF2F662F213583CB00D02EA8 /* PersonalityQuizTests.swift */; };
		FF2F663B213583CB00D02EA8 /* PersonalityQuizUITests.swift in Sources */ = {isa = PBXBuildFile; fileRef = FF2F663A213583CB00D02EA8 /* PersonalityQuizUITests.swift */; };
		FF2F66492136C8CD00D02EA8 /* QuestionViewController.swift in Sources */ = {isa = PBXBuildFile; fileRef = FF2F66482136C8CD00D02EA8 /* QuestionViewController.swift */; };
		FF2F664B2136C8D900D02EA8 /* ResultsViewController.swift in Sources */ = {isa = PBXBuildFile; fileRef = FF2F664A2136C8D900D02EA8 /* ResultsViewController.swift */; };
		FF2F664D2136DD1C00D02EA8 /* QuestionData.swift in Sources */ = {isa = PBXBuildFile; fileRef = FF2F664C2136DD1C00D02EA8 /* QuestionData.swift */; };
/* End PBXBuildFile section */

/* Begin PBXContainerItemProxy section */
		FF2F662C213583CB00D02EA8 /* PBXContainerItemProxy */ = {
			isa = PBXContainerItemProxy;
			containerPortal = FF2F660F213583C900D02EA8 /* Project object */;
			proxyType = 1;
			remoteGlobalIDString = FF2F6616213583C900D02EA8;
			remoteInfo = PersonalityQuiz;
		};
		FF2F6637213583CB00D02EA8 /* PBXContainerItemProxy */ = {
			isa = PBXContainerItemProxy;
			containerPortal = FF2F660F213583C900D02EA8 /* Project object */;
			proxyType = 1;
			remoteGlobalIDString = FF2F6616213583C900D02EA8;
			remoteInfo = PersonalityQuiz;
		};
/* End PBXContainerItemProxy section */

/* Begin PBXFileReference section */
		FF2F6617213583C900D02EA8 /* PersonalityQuiz.app */ = {isa = PBXFileReference; explicitFileType = wrapper.application; includeInIndex = 0; path = PersonalityQuiz.app; sourceTree = BUILT_PRODUCTS_DIR; };
		FF2F661A213583C900D02EA8 /* AppDelegate.swift */ = {isa = PBXFileReference; lastKnownFileType = sourcecode.swift; path = AppDelegate.swift; sourceTree = "<group>"; };
		FF2F661C213583C900D02EA8 /* IntroViewController.swift */ = {isa = PBXFileReference; lastKnownFileType = sourcecode.swift; path = IntroViewController.swift; sourceTree = "<group>"; };
		FF2F661F213583C900D02EA8 /* Base */ = {isa = PBXFileReference; lastKnownFileType = file.storyboard; name = Base; path = Base.lproj/Main.storyboard; sourceTree = "<group>"; };
		FF2F6621213583CB00D02EA8 /* Assets.xcassets */ = {isa = PBXFileReference; lastKnownFileType = folder.assetcatalog; path = Assets.xcassets; sourceTree = "<group>"; };
		FF2F6624213583CB00D02EA8 /* Base */ = {isa = PBXFileReference; lastKnownFileType = file.storyboard; name = Base; path = Base.lproj/LaunchScreen.storyboard; sourceTree = "<group>"; };
		FF2F6626213583CB00D02EA8 /* Info.plist */ = {isa = PBXFileReference; lastKnownFileType = text.plist.xml; path = Info.plist; sourceTree = "<group>"; };
		FF2F662B213583CB00D02EA8 /* PersonalityQuizTests.xctest */ = {isa = PBXFileReference; explicitFileType = wrapper.cfbundle; includeInIndex = 0; path = PersonalityQuizTests.xctest; sourceTree = BUILT_PRODUCTS_DIR; };
		FF2F662F213583CB00D02EA8 /* PersonalityQuizTests.swift */ = {isa = PBXFileReference; lastKnownFileType = sourcecode.swift; path = PersonalityQuizTests.swift; sourceTree = "<group>"; };
		FF2F6631213583CB00D02EA8 /* Info.plist */ = {isa = PBXFileReference; lastKnownFileType = text.plist.xml; path = Info.plist; sourceTree = "<group>"; };
		FF2F6636213583CB00D02EA8 /* PersonalityQuizUITests.xctest */ = {isa = PBXFileReference; explicitFileType = wrapper.cfbundle; includeInIndex = 0; path = PersonalityQuizUITests.xctest; sourceTree = BUILT_PRODUCTS_DIR; };
		FF2F663A213583CB00D02EA8 /* PersonalityQuizUITests.swift */ = {isa = PBXFileReference; lastKnownFileType = sourcecode.swift; path = PersonalityQuizUITests.swift; sourceTree = "<group>"; };
		FF2F663C213583CB00D02EA8 /* Info.plist */ = {isa = PBXFileReference; lastKnownFileType = text.plist.xml; path = Info.plist; sourceTree = "<group>"; };
		FF2F66482136C8CD00D02EA8 /* QuestionViewController.swift */ = {isa = PBXFileReference; lastKnownFileType = sourcecode.swift; path = QuestionViewController.swift; sourceTree = "<group>"; };
		FF2F664A2136C8D900D02EA8 /* ResultsViewController.swift */ = {isa = PBXFileReference; lastKnownFileType = sourcecode.swift; path = ResultsViewController.swift; sourceTree = "<group>"; };
		FF2F664C2136DD1C00D02EA8 /* QuestionData.swift */ = {isa = PBXFileReference; lastKnownFileType = sourcecode.swift; path = QuestionData.swift; sourceTree = "<group>"; };
/* End PBXFileReference section */

/* Begin PBXFrameworksBuildPhase section */
		FF2F6614213583C900D02EA8 /* Frameworks */ = {
			isa = PBXFrameworksBuildPhase;
			buildActionMask = 2147483647;
			files = (
			);
			runOnlyForDeploymentPostprocessing = 0;
		};
		FF2F6628213583CB00D02EA8 /* Frameworks */ = {
			isa = PBXFrameworksBuildPhase;
			buildActionMask = 2147483647;
			files = (
			);
			runOnlyForDeploymentPostprocessing = 0;
		};
		FF2F6633213583CB00D02EA8 /* Frameworks */ = {
			isa = PBXFrameworksBuildPhase;
			buildActionMask = 2147483647;
			files = (
			);
			runOnlyForDeploymentPostprocessing = 0;
		};
/* End PBXFrameworksBuildPhase section */

/* Begin PBXGroup section */
		FF2F660E213583C900D02EA8 = {
			isa = PBXGroup;
			children = (
				FF2F6619213583C900D02EA8 /* PersonalityQuiz */,
				FF2F662E213583CB00D02EA8 /* PersonalityQuizTests */,
				FF2F6639213583CB00D02EA8 /* PersonalityQuizUITests */,
				FF2F6618213583C900D02EA8 /* Products */,
			);
			sourceTree = "<group>";
		};
		FF2F6618213583C900D02EA8 /* Products */ = {
			isa = PBXGroup;
			children = (
				FF2F6617213583C900D02EA8 /* PersonalityQuiz.app */,
				FF2F662B213583CB00D02EA8 /* PersonalityQuizTests.xctest */,
				FF2F6636213583CB00D02EA8 /* PersonalityQuizUITests.xctest */,
			);
			name = Products;
			sourceTree = "<group>";
		};
		FF2F6619213583C900D02EA8 /* PersonalityQuiz */ = {
			isa = PBXGroup;
			children = (
				FF2F661A213583C900D02EA8 /* AppDelegate.swift */,
				FF2F661E213583C900D02EA8 /* Main.storyboard */,
				FF2F6621213583CB00D02EA8 /* Assets.xcassets */,
				FF2F6623213583CB00D02EA8 /* LaunchScreen.storyboard */,
				FF2F6626213583CB00D02EA8 /* Info.plist */,
				FF2F661C213583C900D02EA8 /* IntroViewController.swift */,
				FF2F66482136C8CD00D02EA8 /* QuestionViewController.swift */,
				FF2F664A2136C8D900D02EA8 /* ResultsViewController.swift */,
				FF2F664C2136DD1C00D02EA8 /* QuestionData.swift */,
			);
			path = PersonalityQuiz;
			sourceTree = "<group>";
		};
		FF2F662E213583CB00D02EA8 /* PersonalityQuizTests */ = {
			isa = PBXGroup;
			children = (
				FF2F662F213583CB00D02EA8 /* PersonalityQuizTests.swift */,
				FF2F6631213583CB00D02EA8 /* Info.plist */,
			);
			path = PersonalityQuizTests;
			sourceTree = "<group>";
		};
		FF2F6639213583CB00D02EA8 /* PersonalityQuizUITests */ = {
			isa = PBXGroup;
			children = (
				FF2F663A213583CB00D02EA8 /* PersonalityQuizUITests.swift */,
				FF2F663C213583CB00D02EA8 /* Info.plist */,
			);
			path = PersonalityQuizUITests;
			sourceTree = "<group>";
		};
/* End PBXGroup section */

/* Begin PBXNativeTarget section */
		FF2F6616213583C900D02EA8 /* PersonalityQuiz */ = {
			isa = PBXNativeTarget;
			buildConfigurationList = FF2F663F213583CB00D02EA8 /* Build configuration list for PBXNativeTarget "PersonalityQuiz" */;
			buildPhases = (
				FF2F6613213583C900D02EA8 /* Sources */,
				FF2F6614213583C900D02EA8 /* Frameworks */,
				FF2F6615213583C900D02EA8 /* Resources */,
			);
			buildRules = (
			);
			dependencies = (
			);
			name = PersonalityQuiz;
			productName = PersonalityQuiz;
			productReference = FF2F6617213583C900D02EA8 /* PersonalityQuiz.app */;
			productType = "com.apple.product-type.application";
		};
		FF2F662A213583CB00D02EA8 /* PersonalityQuizTests */ = {
			isa = PBXNativeTarget;
			buildConfigurationList = FF2F6642213583CB00D02EA8 /* Build configuration list for PBXNativeTarget "PersonalityQuizTests" */;
			buildPhases = (
				FF2F6627213583CB00D02EA8 /* Sources */,
				FF2F6628213583CB00D02EA8 /* Frameworks */,
				FF2F6629213583CB00D02EA8 /* Resources */,
			);
			buildRules = (
			);
			dependencies = (
				FF2F662D213583CB00D02EA8 /* PBXTargetDependency */,
			);
			name = PersonalityQuizTests;
			productName = PersonalityQuizTests;
			productReference = FF2F662B213583CB00D02EA8 /* PersonalityQuizTests.xctest */;
			productType = "com.apple.product-type.bundle.unit-test";
		};
		FF2F6635213583CB00D02EA8 /* PersonalityQuizUITests */ = {
			isa = PBXNativeTarget;
			buildConfigurationList = FF2F6645213583CB00D02EA8 /* Build configuration list for PBXNativeTarget "PersonalityQuizUITests" */;
			buildPhases = (
				FF2F6632213583CB00D02EA8 /* Sources */,
				FF2F6633213583CB00D02EA8 /* Frameworks */,
				FF2F6634213583CB00D02EA8 /* Resources */,
			);
			buildRules = (
			);
			dependencies = (
				FF2F6638213583CB00D02EA8 /* PBXTargetDependency */,
			);
			name = PersonalityQuizUITests;
			productName = PersonalityQuizUITests;
			productReference = FF2F6636213583CB00D02EA8 /* PersonalityQuizUITests.xctest */;
			productType = "com.apple.product-type.bundle.ui-testing";
		};
/* End PBXNativeTarget section */

/* Begin PBXProject section */
		FF2F660F213583C900D02EA8 /* Project object */ = {
			isa = PBXProject;
			attributes = {
				LastSwiftUpdateCheck = 0940;
				LastUpgradeCheck = 0940;
				ORGANIZATIONNAME = "Ed Smilovici";
				TargetAttributes = {
					FF2F6616213583C900D02EA8 = {
						CreatedOnToolsVersion = 9.4.1;
					};
					FF2F662A213583CB00D02EA8 = {
						CreatedOnToolsVersion = 9.4.1;
						TestTargetID = FF2F6616213583C900D02EA8;
					};
					FF2F6635213583CB00D02EA8 = {
						CreatedOnToolsVersion = 9.4.1;
						TestTargetID = FF2F6616213583C900D02EA8;
					};
				};
			};
			buildConfigurationList = FF2F6612213583C900D02EA8 /* Build configuration list for PBXProject "PersonalityQuiz" */;
			compatibilityVersion = "Xcode 9.3";
			developmentRegion = en;
			hasScannedForEncodings = 0;
			knownRegions = (
				en,
				Base,
			);
			mainGroup = FF2F660E213583C900D02EA8;
			productRefGroup = FF2F6618213583C900D02EA8 /* Products */;
			projectDirPath = "";
			projectRoot = "";
			targets = (
				FF2F6616213583C900D02EA8 /* PersonalityQuiz */,
				FF2F662A213583CB00D02EA8 /* PersonalityQuizTests */,
				FF2F6635213583CB00D02EA8 /* PersonalityQuizUITests */,
			);
		};
/* End PBXProject section */

/* Begin PBXResourcesBuildPhase section */
		FF2F6615213583C900D02EA8 /* Resources */ = {
			isa = PBXResourcesBuildPhase;
			buildActionMask = 2147483647;
			files = (
				FF2F6625213583CB00D02EA8 /* LaunchScreen.storyboard in Resources */,
				FF2F6622213583CB00D02EA8 /* Assets.xcassets in Resources */,
				FF2F6620213583C900D02EA8 /* Main.storyboard in Resources */,
			);
			runOnlyForDeploymentPostprocessing = 0;
		};
		FF2F6629213583CB00D02EA8 /* Resources */ = {
			isa = PBXResourcesBuildPhase;
			buildActionMask = 2147483647;
			files = (
			);
			runOnlyForDeploymentPostprocessing = 0;
		};
		FF2F6634213583CB00D02EA8 /* Resources */ = {
			isa = PBXResourcesBuildPhase;
			buildActionMask = 2147483647;
			files = (
			);
			runOnlyForDeploymentPostprocessing = 0;
		};
/* End PBXResourcesBuildPhase section */

/* Begin PBXSourcesBuildPhase section */
		FF2F6613213583C900D02EA8 /* Sources */ = {
			isa = PBXSourcesBuildPhase;
			buildActionMask = 2147483647;
			files = (
				FF2F661D213583C900D02EA8 /* IntroViewController.swift in Sources */,
				FF2F661B213583C900D02EA8 /* AppDelegate.swift in Sources */,
				FF2F664D2136DD1C00D02EA8 /* QuestionData.swift in Sources */,
				FF2F66492136C8CD00D02EA8 /* QuestionViewController.swift in Sources */,
				FF2F664B2136C8D900D02EA8 /* ResultsViewController.swift in Sources */,
			);
			runOnlyForDeploymentPostprocessing = 0;
		};
		FF2F6627213583CB00D02EA8 /* Sources */ = {
			isa = PBXSourcesBuildPhase;
			buildActionMask = 2147483647;
			files = (
				FF2F6630213583CB00D02EA8 /* PersonalityQuizTests.swift in Sources */,
			);
			runOnlyForDeploymentPostprocessing = 0;
		};
		FF2F6632213583CB00D02EA8 /* Sources */ = {
			isa = PBXSourcesBuildPhase;
			buildActionMask = 2147483647;
			files = (
				FF2F663B213583CB00D02EA8 /* PersonalityQuizUITests.swift in Sources */,
			);
			runOnlyForDeploymentPostprocessing = 0;
		};
/* End PBXSourcesBuildPhase section */

/* Begin PBXTargetDependency section */
		FF2F662D213583CB00D02EA8 /* PBXTargetDependency */ = {
			isa = PBXTargetDependency;
			target = FF2F6616213583C900D02EA8 /* PersonalityQuiz */;
			targetProxy = FF2F662C213583CB00D02EA8 /* PBXContainerItemProxy */;
		};
		FF2F6638213583CB00D02EA8 /* PBXTargetDependency */ = {
			isa = PBXTargetDependency;
			target = FF2F6616213583C900D02EA8 /* PersonalityQuiz */;
			targetProxy = FF2F6637213583CB00D02EA8 /* PBXContainerItemProxy */;
		};
/* End PBXTargetDependency section */

/* Begin PBXVariantGroup section */
		FF2F661E213583C900D02EA8 /* Main.storyboard */ = {
			isa = PBXVariantGroup;
			children = (
				FF2F661F213583C900D02EA8 /* Base */,
			);
			name = Main.storyboard;
			sourceTree = "<group>";
		};
		FF2F6623213583CB00D02EA8 /* LaunchScreen.storyboard */ = {
			isa = PBXVariantGroup;
			children = (
				FF2F6624213583CB00D02EA8 /* Base */,
			);
			name = LaunchScreen.storyboard;
			sourceTree = "<group>";
		};
/* End PBXVariantGroup section */

/* Begin XCBuildConfiguration section */
		FF2F663D213583CB00D02EA8 /* Debug */ = {
			isa = XCBuildConfiguration;
			buildSettings = {
				ALWAYS_SEARCH_USER_PATHS = NO;
				CLANG_ANALYZER_NONNULL = YES;
				CLANG_ANALYZER_NUMBER_OBJECT_CONVERSION = YES_AGGRESSIVE;
				CLANG_CXX_LANGUAGE_STANDARD = "gnu++14";
				CLANG_CXX_LIBRARY = "libc++";
				CLANG_ENABLE_MODULES = YES;
				CLANG_ENABLE_OBJC_ARC = YES;
				CLANG_ENABLE_OBJC_WEAK = YES;
				CLANG_WARN_BLOCK_CAPTURE_AUTORELEASING = YES;
				CLANG_WARN_BOOL_CONVERSION = YES;
				CLANG_WARN_COMMA = YES;
				CLANG_WARN_CONSTANT_CONVERSION = YES;
				CLANG_WARN_DEPRECATED_OBJC_IMPLEMENTATIONS = YES;
				CLANG_WARN_DIRECT_OBJC_ISA_USAGE = YES_ERROR;
				CLANG_WARN_DOCUMENTATION_COMMENTS = YES;
				CLANG_WARN_EMPTY_BODY = YES;
				CLANG_WARN_ENUM_CONVERSION = YES;
				CLANG_WARN_INFINITE_RECURSION = YES;
				CLANG_WARN_INT_CONVERSION = YES;
				CLANG_WARN_NON_LITERAL_NULL_CONVERSION = YES;
				CLANG_WARN_OBJC_IMPLICIT_RETAIN_SELF = YES;
				CLANG_WARN_OBJC_LITERAL_CONVERSION = YES;
				CLANG_WARN_OBJC_ROOT_CLASS = YES_ERROR;
				CLANG_WARN_RANGE_LOOP_ANALYSIS = YES;
				CLANG_WARN_STRICT_PROTOTYPES = YES;
				CLANG_WARN_SUSPICIOUS_MOVE = YES;
				CLANG_WARN_UNGUARDED_AVAILABILITY = YES_AGGRESSIVE;
				CLANG_WARN_UNREACHABLE_CODE = YES;
				CLANG_WARN__DUPLICATE_METHOD_MATCH = YES;
				CODE_SIGN_IDENTITY = "iPhone Developer";
				COPY_PHASE_STRIP = NO;
				DEBUG_INFORMATION_FORMAT = dwarf;
				ENABLE_STRICT_OBJC_MSGSEND = YES;
				ENABLE_TESTABILITY = YES;
				GCC_C_LANGUAGE_STANDARD = gnu11;
				GCC_DYNAMIC_NO_PIC = NO;
				GCC_NO_COMMON_BLOCKS = YES;
				GCC_OPTIMIZATION_LEVEL = 0;
				GCC_PREPROCESSOR_DEFINITIONS = (
					"DEBUG=1",
					"$(inherited)",
				);
				GCC_WARN_64_TO_32_BIT_CONVERSION = YES;
				GCC_WARN_ABOUT_RETURN_TYPE = YES_ERROR;
				GCC_WARN_UNDECLARED_SELECTOR = YES;
				GCC_WARN_UNINITIALIZED_AUTOS = YES_AGGRESSIVE;
				GCC_WARN_UNUSED_FUNCTION = YES;
				GCC_WARN_UNUSED_VARIABLE = YES;
				IPHONEOS_DEPLOYMENT_TARGET = 11.4;
				MTL_ENABLE_DEBUG_INFO = YES;
				ONLY_ACTIVE_ARCH = YES;
				SDKROOT = iphoneos;
				SWIFT_ACTIVE_COMPILATION_CONDITIONS = DEBUG;
				SWIFT_OPTIMIZATION_LEVEL = "-Onone";
			};
			name = Debug;
		};
		FF2F663E213583CB00D02EA8 /* Release */ = {
			isa = XCBuildConfiguration;
			buildSettings = {
				ALWAYS_SEARCH_USER_PATHS = NO;
				CLANG_ANALYZER_NONNULL = YES;
				CLANG_ANALYZER_NUMBER_OBJECT_CONVERSION = YES_AGGRESSIVE;
				CLANG_CXX_LANGUAGE_STANDARD = "gnu++14";
				CLANG_CXX_LIBRARY = "libc++";
				CLANG_ENABLE_MODULES = YES;
				CLANG_ENABLE_OBJC_ARC = YES;
				CLANG_ENABLE_OBJC_WEAK = YES;
				CLANG_WARN_BLOCK_CAPTURE_AUTORELEASING = YES;
				CLANG_WARN_BOOL_CONVERSION = YES;
				CLANG_WARN_COMMA = YES;
				CLANG_WARN_CONSTANT_CONVERSION = YES;
				CLANG_WARN_DEPRECATED_OBJC_IMPLEMENTATIONS = YES;
				CLANG_WARN_DIRECT_OBJC_ISA_USAGE = YES_ERROR;
				CLANG_WARN_DOCUMENTATION_COMMENTS = YES;
				CLANG_WARN_EMPTY_BODY = YES;
				CLANG_WARN_ENUM_CONVERSION = YES;
				CLANG_WARN_INFINITE_RECURSION = YES;
				CLANG_WARN_INT_CONVERSION = YES;
				CLANG_WARN_NON_LITERAL_NULL_CONVERSION = YES;
				CLANG_WARN_OBJC_IMPLICIT_RETAIN_SELF = YES;
				CLANG_WARN_OBJC_LITERAL_CONVERSION = YES;
				CLANG_WARN_OBJC_ROOT_CLASS = YES_ERROR;
				CLANG_WARN_RANGE_LOOP_ANALYSIS = YES;
				CLANG_WARN_STRICT_PROTOTYPES = YES;
				CLANG_WARN_SUSPICIOUS_MOVE = YES;
				CLANG_WARN_UNGUARDED_AVAILABILITY = YES_AGGRESSIVE;
				CLANG_WARN_UNREACHABLE_CODE = YES;
				CLANG_WARN__DUPLICATE_METHOD_MATCH = YES;
				CODE_SIGN_IDENTITY = "iPhone Developer";
				COPY_PHASE_STRIP = NO;
				DEBUG_INFORMATION_FORMAT = "dwarf-with-dsym";
				ENABLE_NS_ASSERTIONS = NO;
				ENABLE_STRICT_OBJC_MSGSEND = YES;
				GCC_C_LANGUAGE_STANDARD = gnu11;
				GCC_NO_COMMON_BLOCKS = YES;
				GCC_WARN_64_TO_32_BIT_CONVERSION = YES;
				GCC_WARN_ABOUT_RETURN_TYPE = YES_ERROR;
				GCC_WARN_UNDECLARED_SELECTOR = YES;
				GCC_WARN_UNINITIALIZED_AUTOS = YES_AGGRESSIVE;
				GCC_WARN_UNUSED_FUNCTION = YES;
				GCC_WARN_UNUSED_VARIABLE = YES;
				IPHONEOS_DEPLOYMENT_TARGET = 11.4;
				MTL_ENABLE_DEBUG_INFO = NO;
				SDKROOT = iphoneos;
				SWIFT_COMPILATION_MODE = wholemodule;
				SWIFT_OPTIMIZATION_LEVEL = "-O";
				VALIDATE_PRODUCT = YES;
			};
			name = Release;
		};
		FF2F6640213583CB00D02EA8 /* Debug */ = {
			isa = XCBuildConfiguration;
			buildSettings = {
				ASSETCATALOG_COMPILER_APPICON_NAME = AppIcon;
				CODE_SIGN_STYLE = Automatic;
				DEVELOPMENT_TEAM = 3UZ382D287;
				INFOPLIST_FILE = PersonalityQuiz/Info.plist;
				LD_RUNPATH_SEARCH_PATHS = (
					"$(inherited)",
					"@executable_path/Frameworks",
				);
				PRODUCT_BUNDLE_IDENTIFIER = com.edsmilovici.PersonalityQuiz;
				PRODUCT_NAME = "$(TARGET_NAME)";
				SWIFT_VERSION = 4.0;
				TARGETED_DEVICE_FAMILY = "1,2";
			};
			name = Debug;
		};
		FF2F6641213583CB00D02EA8 /* Release */ = {
			isa = XCBuildConfiguration;
			buildSettings = {
				ASSETCATALOG_COMPILER_APPICON_NAME = AppIcon;
				CODE_SIGN_STYLE = Automatic;
				DEVELOPMENT_TEAM = 3UZ382D287;
				INFOPLIST_FILE = PersonalityQuiz/Info.plist;
				LD_RUNPATH_SEARCH_PATHS = (
					"$(inherited)",
					"@executable_path/Frameworks",
				);
				PRODUCT_BUNDLE_IDENTIFIER = com.edsmilovici.PersonalityQuiz;
				PRODUCT_NAME = "$(TARGET_NAME)";
				SWIFT_VERSION = 4.0;
				TARGETED_DEVICE_FAMILY = "1,2";
			};
			name = Release;
		};
		FF2F6643213583CB00D02EA8 /* Debug */ = {
			isa = XCBuildConfiguration;
			buildSettings = {
				ALWAYS_EMBED_SWIFT_STANDARD_LIBRARIES = YES;
				BUNDLE_LOADER = "$(TEST_HOST)";
				CODE_SIGN_STYLE = Automatic;
				DEVELOPMENT_TEAM = 3UZ382D287;
				INFOPLIST_FILE = PersonalityQuizTests/Info.plist;
				LD_RUNPATH_SEARCH_PATHS = (
					"$(inherited)",
					"@executable_path/Frameworks",
					"@loader_path/Frameworks",
				);
				PRODUCT_BUNDLE_IDENTIFIER = com.edsmilovici.PersonalityQuizTests;
				PRODUCT_NAME = "$(TARGET_NAME)";
				SWIFT_VERSION = 4.0;
				TARGETED_DEVICE_FAMILY = "1,2";
				TEST_HOST = "$(BUILT_PRODUCTS_DIR)/PersonalityQuiz.app/PersonalityQuiz";
			};
			name = Debug;
		};
		FF2F6644213583CB00D02EA8 /* Release */ = {
			isa = XCBuildConfiguration;
			buildSettings = {
				ALWAYS_EMBED_SWIFT_STANDARD_LIBRARIES = YES;
				BUNDLE_LOADER = "$(TEST_HOST)";
				CODE_SIGN_STYLE = Automatic;
				DEVELOPMENT_TEAM = 3UZ382D287;
				INFOPLIST_FILE = PersonalityQuizTests/Info.plist;
				LD_RUNPATH_SEARCH_PATHS = (
					"$(inherited)",
					"@executable_path/Frameworks",
					"@loader_path/Frameworks",
				);
				PRODUCT_BUNDLE_IDENTIFIER = com.edsmilovici.PersonalityQuizTests;
				PRODUCT_NAME = "$(TARGET_NAME)";
				SWIFT_VERSION = 4.0;
				TARGETED_DEVICE_FAMILY = "1,2";
				TEST_HOST = "$(BUILT_PRODUCTS_DIR)/PersonalityQuiz.app/PersonalityQuiz";
			};
			name = Release;
		};
		FF2F6646213583CB00D02EA8 /* Debug */ = {
			isa = XCBuildConfiguration;
			buildSettings = {
				ALWAYS_EMBED_SWIFT_STANDARD_LIBRARIES = YES;
				CODE_SIGN_STYLE = Automatic;
				DEVELOPMENT_TEAM = 3UZ382D287;
				INFOPLIST_FILE = PersonalityQuizUITests/Info.plist;
				LD_RUNPATH_SEARCH_PATHS = (
					"$(inherited)",
					"@executable_path/Frameworks",
					"@loader_path/Frameworks",
				);
				PRODUCT_BUNDLE_IDENTIFIER = com.edsmilovici.PersonalityQuizUITests;
				PRODUCT_NAME = "$(TARGET_NAME)";
				SWIFT_VERSION = 4.0;
				TARGETED_DEVICE_FAMILY = "1,2";
				TEST_TARGET_NAME = PersonalityQuiz;
			};
			name = Debug;
		};
		FF2F6647213583CB00D02EA8 /* Release */ = {
			isa = XCBuildConfiguration;
			buildSettings = {
				ALWAYS_EMBED_SWIFT_STANDARD_LIBRARIES = YES;
				CODE_SIGN_STYLE = Automatic;
				DEVELOPMENT_TEAM = 3UZ382D287;
				INFOPLIST_FILE = PersonalityQuizUITests/Info.plist;
				LD_RUNPATH_SEARCH_PATHS = (
					"$(inherited)",
					"@executable_path/Frameworks",
					"@loader_path/Frameworks",
				);
				PRODUCT_BUNDLE_IDENTIFIER = com.edsmilovici.PersonalityQuizUITests;
				PRODUCT_NAME = "$(TARGET_NAME)";
				SWIFT_VERSION = 4.0;
				TARGETED_DEVICE_FAMILY = "1,2";
				TEST_TARGET_NAME = PersonalityQuiz;
			};
			name = Release;
		};
/* End XCBuildConfiguration section */

/* Begin XCConfigurationList section */
		FF2F6612213583C900D02EA8 /* Build configuration list for PBXProject "PersonalityQuiz" */ = {
			isa = XCConfigurationList;
			buildConfigurations = (
				FF2F663D213583CB00D02EA8 /* Debug */,
				FF2F663E213583CB00D02EA8 /* Release */,
			);
			defaultConfigurationIsVisible = 0;
			defaultConfigurationName = Release;
		};
		FF2F663F213583CB00D02EA8 /* Build configuration list for PBXNativeTarget "PersonalityQuiz" */ = {
			isa = XCConfigurationList;
			buildConfigurations = (
				FF2F6640213583CB00D02EA8 /* Debug */,
				FF2F6641213583CB00D02EA8 /* Release */,
			);
			defaultConfigurationIsVisible = 0;
			defaultConfigurationName = Release;
		};
		FF2F6642213583CB00D02EA8 /* Build configuration list for PBXNativeTarget "PersonalityQuizTests" */ = {
			isa = XCConfigurationList;
			buildConfigurations = (
				FF2F6643213583CB00D02EA8 /* Debug */,
				FF2F6644213583CB00D02EA8 /* Release */,
			);
			defaultConfigurationIsVisible = 0;
			defaultConfigurationName = Release;
		};
		FF2F6645213583CB00D02EA8 /* Build configuration list for PBXNativeTarget "PersonalityQuizUITests" */ = {
			isa = XCConfigurationList;
			buildConfigurations = (
				FF2F6646213583CB00D02EA8 /* Debug */,
				FF2F6647213583CB00D02EA8 /* Release */,
			);
			defaultConfigurationIsVisible = 0;
			defaultConfigurationName = Release;
		};
/* End XCConfigurationList section */
	};
	rootObject = FF2F660F213583C900D02EA8 /* Project object */;
}
